// !$*UTF8*$!
{
	archiveVersion = 1;
	classes = {
	};
	objectVersion = 55;
	objects = {

/* Begin PBXBuildFile section */
		5A692DC19714229A2B803F19 /* Pods_Fanimation.framework in Frameworks */ = {isa = PBXBuildFile; fileRef = D0F1952EDCD2C7FF616A2DDC /* Pods_Fanimation.framework */; };
		831E5D3A274974EC00BA2ABD /* Anime.swift in Sources */ = {isa = PBXBuildFile; fileRef = 831E5D39274974EC00BA2ABD /* Anime.swift */; };
		831E5D422749823D00BA2ABD /* APIService.swift in Sources */ = {isa = PBXBuildFile; fileRef = 831E5D412749823D00BA2ABD /* APIService.swift */; };
		831E5D462749A57800BA2ABD /* AnimeListView.swift in Sources */ = {isa = PBXBuildFile; fileRef = 831E5D452749A57800BA2ABD /* AnimeListView.swift */; };
		831E5D492749AFAC00BA2ABD /* ImageLoader.swift in Sources */ = {isa = PBXBuildFile; fileRef = 831E5D482749AFAC00BA2ABD /* ImageLoader.swift */; };
		831E5D4C2749BD3100BA2ABD /* Poppins in Resources */ = {isa = PBXBuildFile; fileRef = 831E5D4B2749BD3100BA2ABD /* Poppins */; };
		8375906A274D524D007C7FA6 /* HelloUserView.swift in Sources */ = {isa = PBXBuildFile; fileRef = 83759069274D524D007C7FA6 /* HelloUserView.swift */; };
		8375906C274D6E12007C7FA6 /* LoadingCard.swift in Sources */ = {isa = PBXBuildFile; fileRef = 8375906B274D6E12007C7FA6 /* LoadingCard.swift */; };
		8375906E274D71E9007C7FA6 /* DiscoverAnimeView.swift in Sources */ = {isa = PBXBuildFile; fileRef = 8375906D274D71E9007C7FA6 /* DiscoverAnimeView.swift */; };
		E216A0BC27473328008DFF89 /* UserModel.swift in Sources */ = {isa = PBXBuildFile; fileRef = E216A0BB27473328008DFF89 /* UserModel.swift */; };
		E22DB0C62749D5CB0032C1BA /* AnimeDetailsScreen.swift in Sources */ = {isa = PBXBuildFile; fileRef = E22DB0C52749D5CA0032C1BA /* AnimeDetailsScreen.swift */; };
		E233CA5B2737226B00E1FEEB /* GoogleService-Info.plist in Resources */ = {isa = PBXBuildFile; fileRef = E233CA5A2737226B00E1FEEB /* GoogleService-Info.plist */; };
		E246FAA8273E1297008ACDC8 /* HomeScreen.swift in Sources */ = {isa = PBXBuildFile; fileRef = E246FAA7273E1297008ACDC8 /* HomeScreen.swift */; };
		E246FAAA273E12F4008ACDC8 /* MyListScreen.swift in Sources */ = {isa = PBXBuildFile; fileRef = E246FAA9273E12F4008ACDC8 /* MyListScreen.swift */; };
		E246FAAC273E1323008ACDC8 /* ProfileScreen.swift in Sources */ = {isa = PBXBuildFile; fileRef = E246FAAB273E1323008ACDC8 /* ProfileScreen.swift */; };
		E286FA3A27406F5100BCB562 /* MainScreen.swift in Sources */ = {isa = PBXBuildFile; fileRef = E286FA3927406F5100BCB562 /* MainScreen.swift */; };
		E2C0A890272F670100A8E343 /* LaunchScreen.swift in Sources */ = {isa = PBXBuildFile; fileRef = E2C0A88F272F670100A8E343 /* LaunchScreen.swift */; };
		E2C0A893272F861500A8E343 /* ForgotPasswordScreen.swift in Sources */ = {isa = PBXBuildFile; fileRef = E2C0A892272F861500A8E343 /* ForgotPasswordScreen.swift */; };
		E2C0A895272F863A00A8E343 /* LoginScreen.swift in Sources */ = {isa = PBXBuildFile; fileRef = E2C0A894272F863A00A8E343 /* LoginScreen.swift */; };
		E2C0A897272F864C00A8E343 /* SignupScreen.swift in Sources */ = {isa = PBXBuildFile; fileRef = E2C0A896272F864C00A8E343 /* SignupScreen.swift */; };
		E2E6F3272729F7B100709BDC /* FanimationApp.swift in Sources */ = {isa = PBXBuildFile; fileRef = E2E6F3262729F7B100709BDC /* FanimationApp.swift */; };
		E2E6F3292729F7B100709BDC /* WelcomeScreen.swift in Sources */ = {isa = PBXBuildFile; fileRef = E2E6F3282729F7B100709BDC /* WelcomeScreen.swift */; };
		E2E6F32B2729F7B400709BDC /* Assets.xcassets in Resources */ = {isa = PBXBuildFile; fileRef = E2E6F32A2729F7B400709BDC /* Assets.xcassets */; };
		E2E6F32E2729F7B400709BDC /* Preview Assets.xcassets in Resources */ = {isa = PBXBuildFile; fileRef = E2E6F32D2729F7B400709BDC /* Preview Assets.xcassets */; };
/* End PBXBuildFile section */

/* Begin PBXFileReference section */
		0C172F95273F9B8600B666D6 /* MainScreen.swift */ = {isa = PBXFileReference; lastKnownFileType = sourcecode.swift; path = MainScreen.swift; sourceTree = "<group>"; };
		3737961C43918283C6457C1B /* Pods-Fanimation.debug.xcconfig */ = {isa = PBXFileReference; includeInIndex = 1; lastKnownFileType = text.xcconfig; name = "Pods-Fanimation.debug.xcconfig"; path = "Target Support Files/Pods-Fanimation/Pods-Fanimation.debug.xcconfig"; sourceTree = "<group>"; };
		58B58BE9337315EB4222CF19 /* Pods-Fanimation.release.xcconfig */ = {isa = PBXFileReference; includeInIndex = 1; lastKnownFileType = text.xcconfig; name = "Pods-Fanimation.release.xcconfig"; path = "Target Support Files/Pods-Fanimation/Pods-Fanimation.release.xcconfig"; sourceTree = "<group>"; };
		831E5D39274974EC00BA2ABD /* Anime.swift */ = {isa = PBXFileReference; lastKnownFileType = sourcecode.swift; path = Anime.swift; sourceTree = "<group>"; };
		831E5D412749823D00BA2ABD /* APIService.swift */ = {isa = PBXFileReference; lastKnownFileType = sourcecode.swift; path = APIService.swift; sourceTree = "<group>"; };
		831E5D452749A57800BA2ABD /* AnimeListView.swift */ = {isa = PBXFileReference; lastKnownFileType = sourcecode.swift; path = AnimeListView.swift; sourceTree = "<group>"; };
		831E5D482749AFAC00BA2ABD /* ImageLoader.swift */ = {isa = PBXFileReference; lastKnownFileType = sourcecode.swift; path = ImageLoader.swift; sourceTree = "<group>"; };
		831E5D4B2749BD3100BA2ABD /* Poppins */ = {isa = PBXFileReference; lastKnownFileType = folder; path = Poppins; sourceTree = "<group>"; };
		83759069274D524D007C7FA6 /* HelloUserView.swift */ = {isa = PBXFileReference; lastKnownFileType = sourcecode.swift; path = HelloUserView.swift; sourceTree = "<group>"; };
		8375906B274D6E12007C7FA6 /* LoadingCard.swift */ = {isa = PBXFileReference; lastKnownFileType = sourcecode.swift; path = LoadingCard.swift; sourceTree = "<group>"; };
		8375906D274D71E9007C7FA6 /* DiscoverAnimeView.swift */ = {isa = PBXFileReference; lastKnownFileType = sourcecode.swift; path = DiscoverAnimeView.swift; sourceTree = "<group>"; };
		D0F1952EDCD2C7FF616A2DDC /* Pods_Fanimation.framework */ = {isa = PBXFileReference; explicitFileType = wrapper.framework; includeInIndex = 0; path = Pods_Fanimation.framework; sourceTree = BUILT_PRODUCTS_DIR; };
		E216A0BB27473328008DFF89 /* UserModel.swift */ = {isa = PBXFileReference; lastKnownFileType = sourcecode.swift; path = UserModel.swift; sourceTree = "<group>"; };
		E22DB0C52749D5CA0032C1BA /* AnimeDetailsScreen.swift */ = {isa = PBXFileReference; lastKnownFileType = sourcecode.swift; path = AnimeDetailsScreen.swift; sourceTree = "<group>"; };
		E233CA5A2737226B00E1FEEB /* GoogleService-Info.plist */ = {isa = PBXFileReference; fileEncoding = 4; lastKnownFileType = text.plist.xml; path = "GoogleService-Info.plist"; sourceTree = "<group>"; };
		E246FAA7273E1297008ACDC8 /* HomeScreen.swift */ = {isa = PBXFileReference; lastKnownFileType = sourcecode.swift; path = HomeScreen.swift; sourceTree = "<group>"; };
		E246FAA9273E12F4008ACDC8 /* MyListScreen.swift */ = {isa = PBXFileReference; lastKnownFileType = sourcecode.swift; path = MyListScreen.swift; sourceTree = "<group>"; };
		E246FAAB273E1323008ACDC8 /* ProfileScreen.swift */ = {isa = PBXFileReference; lastKnownFileType = sourcecode.swift; path = ProfileScreen.swift; sourceTree = "<group>"; };
		E286FA3927406F5100BCB562 /* MainScreen.swift */ = {isa = PBXFileReference; fileEncoding = 4; lastKnownFileType = sourcecode.swift; path = MainScreen.swift; sourceTree = "<group>"; };
		E2C0A88D272F632E00A8E343 /* Info.plist */ = {isa = PBXFileReference; lastKnownFileType = text.plist.xml; path = Info.plist; sourceTree = "<group>"; };
		E2C0A88F272F670100A8E343 /* LaunchScreen.swift */ = {isa = PBXFileReference; lastKnownFileType = sourcecode.swift; path = LaunchScreen.swift; sourceTree = "<group>"; };
		E2C0A892272F861500A8E343 /* ForgotPasswordScreen.swift */ = {isa = PBXFileReference; lastKnownFileType = sourcecode.swift; path = ForgotPasswordScreen.swift; sourceTree = "<group>"; };
		E2C0A894272F863A00A8E343 /* LoginScreen.swift */ = {isa = PBXFileReference; lastKnownFileType = sourcecode.swift; path = LoginScreen.swift; sourceTree = "<group>"; };
		E2C0A896272F864C00A8E343 /* SignupScreen.swift */ = {isa = PBXFileReference; lastKnownFileType = sourcecode.swift; path = SignupScreen.swift; sourceTree = "<group>"; };
		E2E6F3232729F7B100709BDC /* Fanimation.app */ = {isa = PBXFileReference; explicitFileType = wrapper.application; includeInIndex = 0; path = Fanimation.app; sourceTree = BUILT_PRODUCTS_DIR; };
		E2E6F3262729F7B100709BDC /* FanimationApp.swift */ = {isa = PBXFileReference; lastKnownFileType = sourcecode.swift; path = FanimationApp.swift; sourceTree = "<group>"; };
		E2E6F3282729F7B100709BDC /* WelcomeScreen.swift */ = {isa = PBXFileReference; lastKnownFileType = sourcecode.swift; path = WelcomeScreen.swift; sourceTree = "<group>"; };
		E2E6F32A2729F7B400709BDC /* Assets.xcassets */ = {isa = PBXFileReference; lastKnownFileType = folder.assetcatalog; path = Assets.xcassets; sourceTree = "<group>"; };
		E2E6F32D2729F7B400709BDC /* Preview Assets.xcassets */ = {isa = PBXFileReference; lastKnownFileType = folder.assetcatalog; path = "Preview Assets.xcassets"; sourceTree = "<group>"; };
/* End PBXFileReference section */

/* Begin PBXFrameworksBuildPhase section */
		E2E6F3202729F7B100709BDC /* Frameworks */ = {
			isa = PBXFrameworksBuildPhase;
			buildActionMask = 2147483647;
			files = (
				5A692DC19714229A2B803F19 /* Pods_Fanimation.framework in Frameworks */,
			);
			runOnlyForDeploymentPostprocessing = 0;
		};
/* End PBXFrameworksBuildPhase section */

/* Begin PBXGroup section */
		831E5D382749742F00BA2ABD /* Models */ = {
			isa = PBXGroup;
			children = (
				831E5D39274974EC00BA2ABD /* Anime.swift */,
			);
			path = Models;
			sourceTree = "<group>";
		};
		831E5D3B2749765800BA2ABD /* Views */ = {
			isa = PBXGroup;
			children = (
				831E5D452749A57800BA2ABD /* AnimeListView.swift */,
				83759069274D524D007C7FA6 /* HelloUserView.swift */,
				8375906B274D6E12007C7FA6 /* LoadingCard.swift */,
				8375906D274D71E9007C7FA6 /* DiscoverAnimeView.swift */,
			);
			path = Views;
			sourceTree = "<group>";
		};
		831E5D4027497FC600BA2ABD /* Network */ = {
			isa = PBXGroup;
			children = (
				831E5D412749823D00BA2ABD /* APIService.swift */,
			);
			path = Network;
			sourceTree = "<group>";
		};
		831E5D472749AE9100BA2ABD /* Utility */ = {
			isa = PBXGroup;
			children = (
				831E5D482749AFAC00BA2ABD /* ImageLoader.swift */,
			);
			path = Utility;
			sourceTree = "<group>";
		};
		831E5D4A2749BCD600BA2ABD /* Fonts */ = {
			isa = PBXGroup;
			children = (
				831E5D4B2749BD3100BA2ABD /* Poppins */,
			);
			path = Fonts;
			sourceTree = "<group>";
		};
		AD47815301EC8777A5837041 /* Pods */ = {
			isa = PBXGroup;
			children = (
				3737961C43918283C6457C1B /* Pods-Fanimation.debug.xcconfig */,
				58B58BE9337315EB4222CF19 /* Pods-Fanimation.release.xcconfig */,
			);
			path = Pods;
			sourceTree = "<group>";
		};
		BCFF2813F9D68DDEC0FA55B2 /* Frameworks */ = {
			isa = PBXGroup;
			children = (
				D0F1952EDCD2C7FF616A2DDC /* Pods_Fanimation.framework */,
			);
			name = Frameworks;
			sourceTree = "<group>";
		};
		E216A0BA27473308008DFF89 /* User */ = {
			isa = PBXGroup;
			children = (
				E216A0BB27473328008DFF89 /* UserModel.swift */,
			);
			path = User;
			sourceTree = "<group>";
		};
		E2C0A891272F827C00A8E343 /* Screens */ = {
			isa = PBXGroup;
			children = (
				E2E6F3262729F7B100709BDC /* FanimationApp.swift */,
				E2E6F3282729F7B100709BDC /* WelcomeScreen.swift */,
				E2C0A892272F861500A8E343 /* ForgotPasswordScreen.swift */,
				E2C0A88F272F670100A8E343 /* LaunchScreen.swift */,
				E2C0A894272F863A00A8E343 /* LoginScreen.swift */,
				E2C0A896272F864C00A8E343 /* SignupScreen.swift */,
				0C172F95273F9B8600B666D6 /* MainScreen.swift */,
				E286FA3927406F5100BCB562 /* MainScreen.swift */,
				E246FAA7273E1297008ACDC8 /* HomeScreen.swift */,
				E246FAA9273E12F4008ACDC8 /* MyListScreen.swift */,
				E246FAAB273E1323008ACDC8 /* ProfileScreen.swift */,
				E22DB0C52749D5CA0032C1BA /* AnimeDetailsScreen.swift */,
			);
			path = Screens;
			sourceTree = "<group>";
		};
		E2E6F31A2729F7B100709BDC = {
			isa = PBXGroup;
			children = (
				E2E6F3252729F7B100709BDC /* Fanimation */,
				E2E6F3242729F7B100709BDC /* Products */,
				AD47815301EC8777A5837041 /* Pods */,
				BCFF2813F9D68DDEC0FA55B2 /* Frameworks */,
			);
			sourceTree = "<group>";
		};
		E2E6F3242729F7B100709BDC /* Products */ = {
			isa = PBXGroup;
			children = (
				E2E6F3232729F7B100709BDC /* Fanimation.app */,
			);
			name = Products;
			sourceTree = "<group>";
		};
		E2E6F3252729F7B100709BDC /* Fanimation */ = {
			isa = PBXGroup;
			children = (
				831E5D4A2749BCD600BA2ABD /* Fonts */,
				831E5D472749AE9100BA2ABD /* Utility */,
				831E5D4027497FC600BA2ABD /* Network */,
				831E5D3B2749765800BA2ABD /* Views */,
				831E5D382749742F00BA2ABD /* Models */,
				E2E6F32A2729F7B400709BDC /* Assets.xcassets */,
				E216A0BA27473308008DFF89 /* User */,
				E2C0A891272F827C00A8E343 /* Screens */,
				E233CA5A2737226B00E1FEEB /* GoogleService-Info.plist */,
				E2C0A88D272F632E00A8E343 /* Info.plist */,
				E2E6F32C2729F7B400709BDC /* Preview Content */,
			);
			path = Fanimation;
			sourceTree = "<group>";
		};
		E2E6F32C2729F7B400709BDC /* Preview Content */ = {
			isa = PBXGroup;
			children = (
				E2E6F32D2729F7B400709BDC /* Preview Assets.xcassets */,
			);
			path = "Preview Content";
			sourceTree = "<group>";
		};
/* End PBXGroup section */

/* Begin PBXNativeTarget section */
		E2E6F3222729F7B100709BDC /* Fanimation */ = {
			isa = PBXNativeTarget;
			buildConfigurationList = E2E6F3312729F7B400709BDC /* Build configuration list for PBXNativeTarget "Fanimation" */;
			buildPhases = (
				E7D7A53C94AEF0DE6DE47BF1 /* [CP] Check Pods Manifest.lock */,
				E2E6F31F2729F7B100709BDC /* Sources */,
				E2E6F3202729F7B100709BDC /* Frameworks */,
				E2E6F3212729F7B100709BDC /* Resources */,
				4A72979844E516E7015ADC03 /* [CP] Embed Pods Frameworks */,
			);
			buildRules = (
			);
			dependencies = (
			);
			name = Fanimation;
			productName = Fanimation;
			productReference = E2E6F3232729F7B100709BDC /* Fanimation.app */;
			productType = "com.apple.product-type.application";
		};
/* End PBXNativeTarget section */

/* Begin PBXProject section */
		E2E6F31B2729F7B100709BDC /* Project object */ = {
			isa = PBXProject;
			attributes = {
				BuildIndependentTargetsInParallel = 1;
				LastSwiftUpdateCheck = 1300;
				LastUpgradeCheck = 1310;
				TargetAttributes = {
					E2E6F3222729F7B100709BDC = {
						CreatedOnToolsVersion = 13.0;
					};
				};
			};
			buildConfigurationList = E2E6F31E2729F7B100709BDC /* Build configuration list for PBXProject "Fanimation" */;
			compatibilityVersion = "Xcode 13.0";
			developmentRegion = en;
			hasScannedForEncodings = 0;
			knownRegions = (
				en,
				Base,
			);
			mainGroup = E2E6F31A2729F7B100709BDC;
			productRefGroup = E2E6F3242729F7B100709BDC /* Products */;
			projectDirPath = "";
			projectRoot = "";
			targets = (
				E2E6F3222729F7B100709BDC /* Fanimation */,
			);
		};
/* End PBXProject section */

/* Begin PBXResourcesBuildPhase section */
		E2E6F3212729F7B100709BDC /* Resources */ = {
			isa = PBXResourcesBuildPhase;
			buildActionMask = 2147483647;
			files = (
				831E5D4C2749BD3100BA2ABD /* Poppins in Resources */,
				E2E6F32E2729F7B400709BDC /* Preview Assets.xcassets in Resources */,
				E2E6F32B2729F7B400709BDC /* Assets.xcassets in Resources */,
				E233CA5B2737226B00E1FEEB /* GoogleService-Info.plist in Resources */,
			);
			runOnlyForDeploymentPostprocessing = 0;
		};
/* End PBXResourcesBuildPhase section */

/* Begin PBXShellScriptBuildPhase section */
		4A72979844E516E7015ADC03 /* [CP] Embed Pods Frameworks */ = {
			isa = PBXShellScriptBuildPhase;
			buildActionMask = 2147483647;
			files = (
			);
			inputFileListPaths = (
				"${PODS_ROOT}/Target Support Files/Pods-Fanimation/Pods-Fanimation-frameworks-${CONFIGURATION}-input-files.xcfilelist",
			);
			name = "[CP] Embed Pods Frameworks";
			outputFileListPaths = (
				"${PODS_ROOT}/Target Support Files/Pods-Fanimation/Pods-Fanimation-frameworks-${CONFIGURATION}-output-files.xcfilelist",
			);
			runOnlyForDeploymentPostprocessing = 0;
			shellPath = /bin/sh;
			shellScript = "\"${PODS_ROOT}/Target Support Files/Pods-Fanimation/Pods-Fanimation-frameworks.sh\"\n";
			showEnvVarsInLog = 0;
		};
		E7D7A53C94AEF0DE6DE47BF1 /* [CP] Check Pods Manifest.lock */ = {
			isa = PBXShellScriptBuildPhase;
			buildActionMask = 2147483647;
			files = (
			);
			inputFileListPaths = (
			);
			inputPaths = (
				"${PODS_PODFILE_DIR_PATH}/Podfile.lock",
				"${PODS_ROOT}/Manifest.lock",
			);
			name = "[CP] Check Pods Manifest.lock";
			outputFileListPaths = (
			);
			outputPaths = (
				"$(DERIVED_FILE_DIR)/Pods-Fanimation-checkManifestLockResult.txt",
			);
			runOnlyForDeploymentPostprocessing = 0;
			shellPath = /bin/sh;
			shellScript = "diff \"${PODS_PODFILE_DIR_PATH}/Podfile.lock\" \"${PODS_ROOT}/Manifest.lock\" > /dev/null\nif [ $? != 0 ] ; then\n    # print error to STDERR\n    echo \"error: The sandbox is not in sync with the Podfile.lock. Run 'pod install' or update your CocoaPods installation.\" >&2\n    exit 1\nfi\n# This output is used by Xcode 'outputs' to avoid re-running this script phase.\necho \"SUCCESS\" > \"${SCRIPT_OUTPUT_FILE_0}\"\n";
			showEnvVarsInLog = 0;
		};
/* End PBXShellScriptBuildPhase section */

/* Begin PBXSourcesBuildPhase section */
		E2E6F31F2729F7B100709BDC /* Sources */ = {
			isa = PBXSourcesBuildPhase;
			buildActionMask = 2147483647;
			files = (
				831E5D462749A57800BA2ABD /* AnimeListView.swift in Sources */,
				E2C0A893272F861500A8E343 /* ForgotPasswordScreen.swift in Sources */,
				E2C0A897272F864C00A8E343 /* SignupScreen.swift in Sources */,
				8375906C274D6E12007C7FA6 /* LoadingCard.swift in Sources */,
				E286FA3A27406F5100BCB562 /* MainScreen.swift in Sources */,
				8375906E274D71E9007C7FA6 /* DiscoverAnimeView.swift in Sources */,
				E22DB0C62749D5CB0032C1BA /* AnimeDetailsScreen.swift in Sources */,
				E2E6F3292729F7B100709BDC /* WelcomeScreen.swift in Sources */,
				E246FAA8273E1297008ACDC8 /* HomeScreen.swift in Sources */,
				E2E6F3272729F7B100709BDC /* FanimationApp.swift in Sources */,
				E216A0BC27473328008DFF89 /* UserModel.swift in Sources */,
				831E5D492749AFAC00BA2ABD /* ImageLoader.swift in Sources */,
				8375906A274D524D007C7FA6 /* HelloUserView.swift in Sources */,
				831E5D422749823D00BA2ABD /* APIService.swift in Sources */,
				E2C0A890272F670100A8E343 /* LaunchScreen.swift in Sources */,
				E246FAAA273E12F4008ACDC8 /* MyListScreen.swift in Sources */,
				E2C0A895272F863A00A8E343 /* LoginScreen.swift in Sources */,
				E246FAAC273E1323008ACDC8 /* ProfileScreen.swift in Sources */,
				831E5D3A274974EC00BA2ABD /* Anime.swift in Sources */,
			);
			runOnlyForDeploymentPostprocessing = 0;
		};
/* End PBXSourcesBuildPhase section */

/* Begin XCBuildConfiguration section */
		E2E6F32F2729F7B400709BDC /* Debug */ = {
			isa = XCBuildConfiguration;
			buildSettings = {
				ALWAYS_SEARCH_USER_PATHS = NO;
				CLANG_ANALYZER_NONNULL = YES;
				CLANG_ANALYZER_NUMBER_OBJECT_CONVERSION = YES_AGGRESSIVE;
				CLANG_CXX_LANGUAGE_STANDARD = "gnu++17";
				CLANG_CXX_LIBRARY = "libc++";
				CLANG_ENABLE_MODULES = YES;
				CLANG_ENABLE_OBJC_ARC = YES;
				CLANG_ENABLE_OBJC_WEAK = YES;
				CLANG_WARN_BLOCK_CAPTURE_AUTORELEASING = YES;
				CLANG_WARN_BOOL_CONVERSION = YES;
				CLANG_WARN_COMMA = YES;
				CLANG_WARN_CONSTANT_CONVERSION = YES;
				CLANG_WARN_DEPRECATED_OBJC_IMPLEMENTATIONS = YES;
				CLANG_WARN_DIRECT_OBJC_ISA_USAGE = YES_ERROR;
				CLANG_WARN_DOCUMENTATION_COMMENTS = YES;
				CLANG_WARN_EMPTY_BODY = YES;
				CLANG_WARN_ENUM_CONVERSION = YES;
				CLANG_WARN_INFINITE_RECURSION = YES;
				CLANG_WARN_INT_CONVERSION = YES;
				CLANG_WARN_NON_LITERAL_NULL_CONVERSION = YES;
				CLANG_WARN_OBJC_IMPLICIT_RETAIN_SELF = YES;
				CLANG_WARN_OBJC_LITERAL_CONVERSION = YES;
				CLANG_WARN_OBJC_ROOT_CLASS = YES_ERROR;
				CLANG_WARN_QUOTED_INCLUDE_IN_FRAMEWORK_HEADER = YES;
				CLANG_WARN_RANGE_LOOP_ANALYSIS = YES;
				CLANG_WARN_STRICT_PROTOTYPES = YES;
				CLANG_WARN_SUSPICIOUS_MOVE = YES;
				CLANG_WARN_UNGUARDED_AVAILABILITY = YES_AGGRESSIVE;
				CLANG_WARN_UNREACHABLE_CODE = YES;
				CLANG_WARN__DUPLICATE_METHOD_MATCH = YES;
				COPY_PHASE_STRIP = NO;
				DEBUG_INFORMATION_FORMAT = dwarf;
				ENABLE_STRICT_OBJC_MSGSEND = YES;
				ENABLE_TESTABILITY = YES;
				GCC_C_LANGUAGE_STANDARD = gnu11;
				GCC_DYNAMIC_NO_PIC = NO;
				GCC_NO_COMMON_BLOCKS = YES;
				GCC_OPTIMIZATION_LEVEL = 0;
				GCC_PREPROCESSOR_DEFINITIONS = (
					"DEBUG=1",
					"$(inherited)",
				);
				GCC_WARN_64_TO_32_BIT_CONVERSION = YES;
				GCC_WARN_ABOUT_RETURN_TYPE = YES_ERROR;
				GCC_WARN_UNDECLARED_SELECTOR = YES;
				GCC_WARN_UNINITIALIZED_AUTOS = YES_AGGRESSIVE;
				GCC_WARN_UNUSED_FUNCTION = YES;
				GCC_WARN_UNUSED_VARIABLE = YES;
				IPHONEOS_DEPLOYMENT_TARGET = 12.0;
				MTL_ENABLE_DEBUG_INFO = INCLUDE_SOURCE;
				MTL_FAST_MATH = YES;
				ONLY_ACTIVE_ARCH = YES;
				SDKROOT = iphoneos;
				SWIFT_ACTIVE_COMPILATION_CONDITIONS = DEBUG;
				SWIFT_OPTIMIZATION_LEVEL = "-Onone";
			};
			name = Debug;
		};
		E2E6F3302729F7B400709BDC /* Release */ = {
			isa = XCBuildConfiguration;
			buildSettings = {
				ALWAYS_SEARCH_USER_PATHS = NO;
				CLANG_ANALYZER_NONNULL = YES;
				CLANG_ANALYZER_NUMBER_OBJECT_CONVERSION = YES_AGGRESSIVE;
				CLANG_CXX_LANGUAGE_STANDARD = "gnu++17";
				CLANG_CXX_LIBRARY = "libc++";
				CLANG_ENABLE_MODULES = YES;
				CLANG_ENABLE_OBJC_ARC = YES;
				CLANG_ENABLE_OBJC_WEAK = YES;
				CLANG_WARN_BLOCK_CAPTURE_AUTORELEASING = YES;
				CLANG_WARN_BOOL_CONVERSION = YES;
				CLANG_WARN_COMMA = YES;
				CLANG_WARN_CONSTANT_CONVERSION = YES;
				CLANG_WARN_DEPRECATED_OBJC_IMPLEMENTATIONS = YES;
				CLANG_WARN_DIRECT_OBJC_ISA_USAGE = YES_ERROR;
				CLANG_WARN_DOCUMENTATION_COMMENTS = YES;
				CLANG_WARN_EMPTY_BODY = YES;
				CLANG_WARN_ENUM_CONVERSION = YES;
				CLANG_WARN_INFINITE_RECURSION = YES;
				CLANG_WARN_INT_CONVERSION = YES;
				CLANG_WARN_NON_LITERAL_NULL_CONVERSION = YES;
				CLANG_WARN_OBJC_IMPLICIT_RETAIN_SELF = YES;
				CLANG_WARN_OBJC_LITERAL_CONVERSION = YES;
				CLANG_WARN_OBJC_ROOT_CLASS = YES_ERROR;
				CLANG_WARN_QUOTED_INCLUDE_IN_FRAMEWORK_HEADER = YES;
				CLANG_WARN_RANGE_LOOP_ANALYSIS = YES;
				CLANG_WARN_STRICT_PROTOTYPES = YES;
				CLANG_WARN_SUSPICIOUS_MOVE = YES;
				CLANG_WARN_UNGUARDED_AVAILABILITY = YES_AGGRESSIVE;
				CLANG_WARN_UNREACHABLE_CODE = YES;
				CLANG_WARN__DUPLICATE_METHOD_MATCH = YES;
				COPY_PHASE_STRIP = NO;
				DEBUG_INFORMATION_FORMAT = "dwarf-with-dsym";
				ENABLE_NS_ASSERTIONS = NO;
				ENABLE_STRICT_OBJC_MSGSEND = YES;
				GCC_C_LANGUAGE_STANDARD = gnu11;
				GCC_NO_COMMON_BLOCKS = YES;
				GCC_WARN_64_TO_32_BIT_CONVERSION = YES;
				GCC_WARN_ABOUT_RETURN_TYPE = YES_ERROR;
				GCC_WARN_UNDECLARED_SELECTOR = YES;
				GCC_WARN_UNINITIALIZED_AUTOS = YES_AGGRESSIVE;
				GCC_WARN_UNUSED_FUNCTION = YES;
				GCC_WARN_UNUSED_VARIABLE = YES;
				IPHONEOS_DEPLOYMENT_TARGET = 12.0;
				MTL_ENABLE_DEBUG_INFO = NO;
				MTL_FAST_MATH = YES;
				SDKROOT = iphoneos;
				SWIFT_COMPILATION_MODE = wholemodule;
				SWIFT_OPTIMIZATION_LEVEL = "-O";
				VALIDATE_PRODUCT = YES;
			};
			name = Release;
		};
		E2E6F3322729F7B400709BDC /* Debug */ = {
			isa = XCBuildConfiguration;
			baseConfigurationReference = 3737961C43918283C6457C1B /* Pods-Fanimation.debug.xcconfig */;
			buildSettings = {
				ASSETCATALOG_COMPILER_APPICON_NAME = AppIcon;
				ASSETCATALOG_COMPILER_GLOBAL_ACCENT_COLOR_NAME = AccentColor;
				CODE_SIGN_STYLE = Automatic;
				CURRENT_PROJECT_VERSION = 1;
				DEVELOPMENT_ASSET_PATHS = "\"Fanimation/Preview Content\"";
				DEVELOPMENT_TEAM = FZX3ULNP9F;
				ENABLE_PREVIEWS = YES;
				GENERATE_INFOPLIST_FILE = YES;
				INFOPLIST_FILE = Fanimation/Info.plist;
				INFOPLIST_KEY_UIApplicationSceneManifest_Generation = YES;
				INFOPLIST_KEY_UIApplicationSupportsIndirectInputEvents = YES;
				INFOPLIST_KEY_UISupportedInterfaceOrientations_iPad = "UIInterfaceOrientationPortrait UIInterfaceOrientationPortraitUpsideDown UIInterfaceOrientationLandscapeLeft UIInterfaceOrientationLandscapeRight";
				INFOPLIST_KEY_UISupportedInterfaceOrientations_iPhone = "UIInterfaceOrientationPortrait UIInterfaceOrientationLandscapeLeft UIInterfaceOrientationLandscapeRight";
				IPHONEOS_DEPLOYMENT_TARGET = 14.0;
				LD_RUNPATH_SEARCH_PATHS = (
					"$(inherited)",
					"@executable_path/Frameworks",
				);
				MARKETING_VERSION = 1.0;
				PRODUCT_BUNDLE_IDENTIFIER = com.ios.group2.Fanimation;
				PRODUCT_NAME = "$(TARGET_NAME)";
				SWIFT_EMIT_LOC_STRINGS = YES;
				SWIFT_VERSION = 5.0;
				TARGETED_DEVICE_FAMILY = "1,2";
			};
			name = Debug;
		};
		E2E6F3332729F7B400709BDC /* Release */ = {
			isa = XCBuildConfiguration;
			baseConfigurationReference = 58B58BE9337315EB4222CF19 /* Pods-Fanimation.release.xcconfig */;
			buildSettings = {
				ASSETCATALOG_COMPILER_APPICON_NAME = AppIcon;
				ASSETCATALOG_COMPILER_GLOBAL_ACCENT_COLOR_NAME = AccentColor;
				CODE_SIGN_STYLE = Automatic;
				CURRENT_PROJECT_VERSION = 1;
				DEVELOPMENT_ASSET_PATHS = "\"Fanimation/Preview Content\"";
				DEVELOPMENT_TEAM = FZX3ULNP9F;
				ENABLE_PREVIEWS = YES;
				GENERATE_INFOPLIST_FILE = YES;
				INFOPLIST_FILE = Fanimation/Info.plist;
				INFOPLIST_KEY_UIApplicationSceneManifest_Generation = YES;
				INFOPLIST_KEY_UIApplicationSupportsIndirectInputEvents = YES;
				INFOPLIST_KEY_UISupportedInterfaceOrientations_iPad = "UIInterfaceOrientationPortrait UIInterfaceOrientationPortraitUpsideDown UIInterfaceOrientationLandscapeLeft UIInterfaceOrientationLandscapeRight";
				INFOPLIST_KEY_UISupportedInterfaceOrientations_iPhone = "UIInterfaceOrientationPortrait UIInterfaceOrientationLandscapeLeft UIInterfaceOrientationLandscapeRight";
				IPHONEOS_DEPLOYMENT_TARGET = 14.0;
				LD_RUNPATH_SEARCH_PATHS = (
					"$(inherited)",
					"@executable_path/Frameworks",
				);
				MARKETING_VERSION = 1.0;
				PRODUCT_BUNDLE_IDENTIFIER = com.ios.group2.Fanimation;
				PRODUCT_NAME = "$(TARGET_NAME)";
				SWIFT_EMIT_LOC_STRINGS = YES;
				SWIFT_VERSION = 5.0;
				TARGETED_DEVICE_FAMILY = "1,2";
			};
			name = Release;
		};
/* End XCBuildConfiguration section */

/* Begin XCConfigurationList section */
		E2E6F31E2729F7B100709BDC /* Build configuration list for PBXProject "Fanimation" */ = {
			isa = XCConfigurationList;
			buildConfigurations = (
				E2E6F32F2729F7B400709BDC /* Debug */,
				E2E6F3302729F7B400709BDC /* Release */,
			);
			defaultConfigurationIsVisible = 0;
			defaultConfigurationName = Release;
		};
		E2E6F3312729F7B400709BDC /* Build configuration list for PBXNativeTarget "Fanimation" */ = {
			isa = XCConfigurationList;
			buildConfigurations = (
				E2E6F3322729F7B400709BDC /* Debug */,
				E2E6F3332729F7B400709BDC /* Release */,
			);
			defaultConfigurationIsVisible = 0;
			defaultConfigurationName = Release;
		};
/* End XCConfigurationList section */
	};
	rootObject = E2E6F31B2729F7B100709BDC /* Project object */;
}
